<?xml version="1.0" encoding="utf-8"?>
<Project ToolsVersion="16.0" xmlns="http://schemas.microsoft.com/developer/msbuild/2003">
  <ItemGroup>
    <ClCompile Include="C:\dev\GitHub\ogre\RenderSystems\GLES2\src\OgreGLES2DepthBuffer.cpp">
      <Filter>Source Files</Filter>
    </ClCompile>
    <ClCompile Include="C:\dev\GitHub\ogre\RenderSystems\GLES2\src\OgreGLES2EngineDll.cpp">
      <Filter>Source Files</Filter>
    </ClCompile>
    <ClCompile Include="C:\dev\GitHub\ogre\RenderSystems\GLES2\src\OgreGLES2FBOMultiRenderTarget.cpp">
      <Filter>Source Files</Filter>
    </ClCompile>
    <ClCompile Include="C:\dev\GitHub\ogre\RenderSystems\GLES2\src\OgreGLES2FBORenderTexture.cpp">
      <Filter>Source Files</Filter>
    </ClCompile>
    <ClCompile Include="C:\dev\GitHub\ogre\RenderSystems\GLES2\src\OgreGLES2FrameBufferObject.cpp">
      <Filter>Source Files</Filter>
    </ClCompile>
    <ClCompile Include="C:\dev\GitHub\ogre\RenderSystems\GLES2\src\OgreGLES2HardwareBuffer.cpp">
      <Filter>Source Files</Filter>
    </ClCompile>
    <ClCompile Include="C:\dev\GitHub\ogre\RenderSystems\GLES2\src\OgreGLES2HardwareBufferManager.cpp">
      <Filter>Source Files</Filter>
    </ClCompile>
    <ClCompile Include="C:\dev\GitHub\ogre\RenderSystems\GLES2\src\OgreGLES2HardwareOcclusionQuery.cpp">
      <Filter>Source Files</Filter>
    </ClCompile>
    <ClCompile Include="C:\dev\GitHub\ogre\RenderSystems\GLES2\src\OgreGLES2HardwarePixelBuffer.cpp">
      <Filter>Source Files</Filter>
    </ClCompile>
    <ClCompile Include="C:\dev\GitHub\ogre\RenderSystems\GLES2\src\OgreGLES2ManagedResource.cpp">
      <Filter>Source Files</Filter>
    </ClCompile>
    <ClCompile Include="C:\dev\GitHub\ogre\RenderSystems\GLES2\src\OgreGLES2ManagedResourceManager.cpp">
      <Filter>Source Files</Filter>
    </ClCompile>
    <ClCompile Include="C:\dev\GitHub\ogre\RenderSystems\GLES2\src\OgreGLES2PixelFormat.cpp">
      <Filter>Source Files</Filter>
    </ClCompile>
    <ClCompile Include="C:\dev\GitHub\ogre\RenderSystems\GLES2\src\OgreGLES2Plugin.cpp">
      <Filter>Source Files</Filter>
    </ClCompile>
    <ClCompile Include="C:\dev\GitHub\ogre\RenderSystems\GLES2\src\OgreGLES2RenderSystem.cpp">
      <Filter>Source Files</Filter>
    </ClCompile>
    <ClCompile Include="C:\dev\GitHub\ogre\RenderSystems\GLES2\src\OgreGLES2RenderToVertexBuffer.cpp">
      <Filter>Source Files</Filter>
    </ClCompile>
    <ClCompile Include="C:\dev\GitHub\ogre\RenderSystems\GLES2\src\OgreGLES2StateCacheManager.cpp">
      <Filter>Source Files</Filter>
    </ClCompile>
    <ClCompile Include="C:\dev\GitHub\ogre\RenderSystems\GLES2\src\OgreGLES2Texture.cpp">
      <Filter>Source Files</Filter>
    </ClCompile>
    <ClCompile Include="C:\dev\GitHub\ogre\RenderSystems\GLES2\src\OgreGLES2TextureManager.cpp">
      <Filter>Source Files</Filter>
    </ClCompile>
    <ClCompile Include="C:\dev\GitHub\ogre\RenderSystems\GLES2\src\glesw.c">
      <Filter>Source Files</Filter>
    </ClCompile>
    <ClCompile Include="C:\dev\GitHub\ogre\RenderSystems\GLES2\src\GLSLES\src\OgreGLSLESExtSupport.cpp">
      <Filter>Source Files</Filter>
    </ClCompile>
    <ClCompile Include="C:\dev\GitHub\ogre\RenderSystems\GLES2\src\GLSLES\src\OgreGLSLESLinkProgram.cpp">
      <Filter>Source Files</Filter>
    </ClCompile>
    <ClCompile Include="C:\dev\GitHub\ogre\RenderSystems\GLES2\src\GLSLES\src\OgreGLSLESProgram.cpp">
      <Filter>Source Files</Filter>
    </ClCompile>
    <ClCompile Include="C:\dev\GitHub\ogre\RenderSystems\GLES2\src\GLSLES\src\OgreGLSLESProgramCommon.cpp">
      <Filter>Source Files</Filter>
    </ClCompile>
    <ClCompile Include="C:\dev\GitHub\ogre\RenderSystems\GLES2\src\GLSLES\src\OgreGLSLESProgramFactory.cpp">
      <Filter>Source Files</Filter>
    </ClCompile>
    <ClCompile Include="C:\dev\GitHub\ogre\RenderSystems\GLES2\src\GLSLES\src\OgreGLSLESProgramManager.cpp">
      <Filter>Source Files</Filter>
    </ClCompile>
    <ClCompile Include="C:\dev\GitHub\ogre\RenderSystems\GLES2\src\GLSLES\src\OgreGLSLESProgramPipeline.cpp">
      <Filter>Source Files</Filter>
    </ClCompile>
  </ItemGroup>
  <ItemGroup>
    <ClInclude Include="C:\dev\GitHub\ogre\RenderSystems\GLES2\include\OgreGLES2DepthBuffer.h">
      <Filter>Header Files</Filter>
    </ClInclude>
    <ClInclude Include="C:\dev\GitHub\ogre\RenderSystems\GLES2\include\OgreGLES2FBOMultiRenderTarget.h">
      <Filter>Header Files</Filter>
    </ClInclude>
    <ClInclude Include="C:\dev\GitHub\ogre\RenderSystems\GLES2\include\OgreGLES2FBORenderTexture.h">
      <Filter>Header Files</Filter>
    </ClInclude>
    <ClInclude Include="C:\dev\GitHub\ogre\RenderSystems\GLES2\include\OgreGLES2FrameBufferObject.h">
      <Filter>Header Files</Filter>
    </ClInclude>
    <ClInclude Include="C:\dev\GitHub\ogre\RenderSystems\GLES2\include\OgreGLES2HardwareBuffer.h">
      <Filter>Header Files</Filter>
    </ClInclude>
    <ClInclude Include="C:\dev\GitHub\ogre\RenderSystems\GLES2\include\OgreGLES2HardwareBufferManager.h">
      <Filter>Header Files</Filter>
    </ClInclude>
    <ClInclude Include="C:\dev\GitHub\ogre\RenderSystems\GLES2\include\OgreGLES2HardwareOcclusionQuery.h">
      <Filter>Header Files</Filter>
    </ClInclude>
    <ClInclude Include="C:\dev\GitHub\ogre\RenderSystems\GLES2\include\OgreGLES2HardwarePixelBuffer.h">
      <Filter>Header Files</Filter>
    </ClInclude>
    <ClInclude Include="C:\dev\GitHub\ogre\RenderSystems\GLES2\include\OgreGLES2ManagedResource.h">
      <Filter>Header Files</Filter>
    </ClInclude>
    <ClInclude Include="C:\dev\GitHub\ogre\RenderSystems\GLES2\include\OgreGLES2ManagedResourceManager.h">
      <Filter>Header Files</Filter>
    </ClInclude>
    <ClInclude Include="C:\dev\GitHub\ogre\RenderSystems\GLES2\include\OgreGLES2PixelFormat.h">
      <Filter>Header Files</Filter>
    </ClInclude>
    <ClInclude Include="C:\dev\GitHub\ogre\RenderSystems\GLES2\include\OgreGLES2Plugin.h">
      <Filter>Header Files</Filter>
    </ClInclude>
    <ClInclude Include="C:\dev\GitHub\ogre\RenderSystems\GLES2\include\OgreGLES2Prerequisites.h">
      <Filter>Header Files</Filter>
    </ClInclude>
    <ClInclude Include="C:\dev\GitHub\ogre\RenderSystems\GLES2\include\OgreGLES2RenderSystem.h">
      <Filter>Header Files</Filter>
    </ClInclude>
    <ClInclude Include="C:\dev\GitHub\ogre\RenderSystems\GLES2\include\OgreGLES2RenderToVertexBuffer.h">
      <Filter>Header Files</Filter>
    </ClInclude>
    <ClInclude Include="C:\dev\GitHub\ogre\RenderSystems\GLES2\include\OgreGLES2StateCacheManager.h">
      <Filter>Header Files</Filter>
    </ClInclude>
    <ClInclude Include="C:\dev\GitHub\ogre\RenderSystems\GLES2\include\OgreGLES2Texture.h">
      <Filter>Header Files</Filter>
    </ClInclude>
    <ClInclude Include="C:\dev\GitHub\ogre\RenderSystems\GLES2\include\OgreGLES2TextureManager.h">
      <Filter>Header Files</Filter>
    </ClInclude>
    <ClInclude Include="C:\dev\GitHub\ogre\RenderSystems\GLES2\include\GLES3\gl3.h">
      <Filter>Header Files</Filter>
    </ClInclude>
    <ClInclude Include="C:\dev\GitHub\ogre\RenderSystems\GLES2\include\GLES3\gl3platform.h">
      <Filter>Header Files</Filter>
    </ClInclude>
    <ClInclude Include="C:\dev\GitHub\ogre\RenderSystems\GLES2\include\GLES3\glesw.h">
      <Filter>Header Files</Filter>
    </ClInclude>
    <ClInclude Include="C:\dev\GitHub\ogre\RenderSystems\GLES2\include\KHR\khrplatform.h">
      <Filter>Header Files</Filter>
    </ClInclude>
    <ClInclude Include="C:\dev\GitHub\ogre\RenderSystems\GLES2\src\GLSLES\include\OgreGLSLESCgProgram.h">
      <Filter>Header Files</Filter>
    </ClInclude>
    <ClInclude Include="C:\dev\GitHub\ogre\RenderSystems\GLES2\src\GLSLES\include\OgreGLSLESCgProgramFactory.h">
      <Filter>Header Files</Filter>
    </ClInclude>
    <ClInclude Include="C:\dev\GitHub\ogre\RenderSystems\GLES2\src\GLSLES\include\OgreGLSLESExtSupport.h">
      <Filter>Header Files</Filter>
    </ClInclude>
    <ClInclude Include="C:\dev\GitHub\ogre\RenderSystems\GLES2\src\GLSLES\include\OgreGLSLESLinkProgram.h">
      <Filter>Header Files</Filter>
    </ClInclude>
    <ClInclude Include="C:\dev\GitHub\ogre\RenderSystems\GLES2\src\GLSLES\include\OgreGLSLESProgram.h">
      <Filter>Header Files</Filter>
    </ClInclude>
    <ClInclude Include="C:\dev\GitHub\ogre\RenderSystems\GLES2\src\GLSLES\include\OgreGLSLESProgramCommon.h">
      <Filter>Header Files</Filter>
    </ClInclude>
    <ClInclude Include="C:\dev\GitHub\ogre\RenderSystems\GLES2\src\GLSLES\include\OgreGLSLESProgramFactory.h">
      <Filter>Header Files</Filter>
    </ClInclude>
    <ClInclude Include="C:\dev\GitHub\ogre\RenderSystems\GLES2\src\GLSLES\include\OgreGLSLESProgramManager.h">
      <Filter>Header Files</Filter>
    </ClInclude>
    <ClInclude Include="C:\dev\GitHub\ogre\RenderSystems\GLES2\src\GLSLES\include\OgreGLSLESProgramPipeline.h">
      <Filter>Header Files</Filter>
    </ClInclude>
  </ItemGroup>
  <ItemGroup>
    <Filter Include="Header Files">
      <UniqueIdentifier>{F29BE8F3-8D66-3BDF-A630-62339E790F95}</UniqueIdentifier>
    </Filter>
    <Filter Include="Source Files">
      <UniqueIdentifier>{CB660BE3-A1A9-3064-9327-7C99B462F9EB}</UniqueIdentifier>
    </Filter>
  </ItemGroup>
</Project>