
Microsoft Visual Studio Solution File, Format Version 12.00
# Visual Studio Version 16
VisualStudioVersion = 16.0.31005.135
MinimumVisualStudioVersion = 10.0.40219.1
Project("{8BC9CEB8-8B4A-11D0-8D11-00A0C91BC942}") = "OgreMain", "OgreMain\OgreMain.vcxproj", "{5041DCD2-2751-3151-9823-EF55D9E33D78}"
EndProject
Project("{8BC9CEB8-8B4A-11D0-8D11-00A0C91BC942}") = "Shared", "Shared\Shared.vcxitems", "{A05C85C0-DBB1-4F12-AAF7-3D171089120B}"
EndProject
Project("{2150E333-8FDC-42A3-9474-1A3956D46DE8}") = "Solution Items", "Solution Items", "{76A3C4A1-EF24-4F25-A8DA-E66BBBD2554B}"
	ProjectSection(SolutionItems) = preProject
		..\.gitignore = ..\.gitignore
	EndProjectSection
EndProject
Global
	GlobalSection(SharedMSBuildProjectFiles) = preSolution
		Shared\Shared.vcxitems*{5041dcd2-2751-3151-9823-ef55d9e33d78}*SharedItemsImports = 4
		Shared\Shared.vcxitems*{a05c85c0-dbb1-4f12-aaf7-3d171089120b}*SharedItemsImports = 9
	EndGlobalSection
	GlobalSection(SolutionConfigurationPlatforms) = preSolution
		Debug DLL|x64 = Debug DLL|x64
	EndGlobalSection
	GlobalSection(ProjectConfigurationPlatforms) = postSolution
		{5041DCD2-2751-3151-9823-EF55D9E33D78}.Debug DLL|x64.ActiveCfg = Debug DLL|x64
		{5041DCD2-2751-3151-9823-EF55D9E33D78}.Debug DLL|x64.Build.0 = Debug DLL|x64
	EndGlobalSection
	GlobalSection(SolutionProperties) = preSolution
		HideSolutionNode = FALSE
	EndGlobalSection
	GlobalSection(ExtensibilityGlobals) = postSolution
		SolutionGuid = {96C09FA3-C754-46A5-A712-76E1E2F30C92}
	EndGlobalSection
EndGlobal
