<?xml version="1.0" encoding="utf-8"?>
<Project ToolsVersion="16.0" xmlns="http://schemas.microsoft.com/developer/msbuild/2003">
  <ItemGroup>
    <ClCompile Include="C:\dev\GitHub\ogre\Components\Bites\src\OgreAdvancedRenderControls.cpp">
      <Filter>Source Files</Filter>
    </ClCompile>
    <ClCompile Include="C:\dev\GitHub\ogre\Components\Bites\src\OgreApplicationContextBase.cpp">
      <Filter>Source Files</Filter>
    </ClCompile>
    <ClCompile Include="C:\dev\GitHub\ogre\Components\Bites\src\OgreBitesConfigDialog.cpp">
      <Filter>Source Files</Filter>
    </ClCompile>
    <ClCompile Include="C:\dev\GitHub\ogre\Components\Bites\src\OgreCameraMan.cpp">
      <Filter>Source Files</Filter>
    </ClCompile>
    <ClCompile Include="C:\dev\GitHub\ogre\Components\Bites\src\OgreSGTechniqueResolverListener.cpp">
      <Filter>Source Files</Filter>
    </ClCompile>
    <ClCompile Include="C:\dev\GitHub\ogre\Components\Bites\src\OgreStaticPluginLoader.cpp">
      <Filter>Source Files</Filter>
    </ClCompile>
    <ClCompile Include="C:\dev\GitHub\ogre\Components\Bites\src\OgreTrays.cpp">
      <Filter>Source Files</Filter>
    </ClCompile>
    <ClCompile Include="C:\dev\GitHub\ogre\Components\Bites\src\OgreWindowEventUtilities.cpp">
      <Filter>Source Files</Filter>
    </ClCompile>
    <ClCompile Include="C:\dev\GitHub\ogre\Components\Bites\src\OgreApplicationContextSDL.cpp">
      <Filter>Source Files</Filter>
    </ClCompile>
    <ClCompile Include="C:\dev\GitHub\ogre\Components\Bites\src\OgreWIN32ConfigDialog.cpp">
      <Filter>Source Files</Filter>
    </ClCompile>
    <ClCompile Include="C:\dev\GitHub\ogre\Components\Bites\src\OgreImGuiInputListener.cpp">
      <Filter>Source Files</Filter>
    </ClCompile>
  </ItemGroup>
  <ItemGroup>
    <ClInclude Include="C:\dev\GitHub\ogre\Components\Bites\include\OgreAdvancedRenderControls.h">
      <Filter>Header Files</Filter>
    </ClInclude>
    <ClInclude Include="C:\dev\GitHub\ogre\Components\Bites\include\OgreApplicationContext.h">
      <Filter>Header Files</Filter>
    </ClInclude>
    <ClInclude Include="C:\dev\GitHub\ogre\Components\Bites\include\OgreApplicationContextBase.h">
      <Filter>Header Files</Filter>
    </ClInclude>
    <ClInclude Include="C:\dev\GitHub\ogre\Components\Bites\include\OgreApplicationContextQt.h">
      <Filter>Header Files</Filter>
    </ClInclude>
    <ClInclude Include="C:\dev\GitHub\ogre\Components\Bites\include\OgreBitesConfigDialog.h">
      <Filter>Header Files</Filter>
    </ClInclude>
    <ClInclude Include="C:\dev\GitHub\ogre\Components\Bites\include\OgreCameraMan.h">
      <Filter>Header Files</Filter>
    </ClInclude>
    <ClInclude Include="C:\dev\GitHub\ogre\Components\Bites\include\OgreImGuiInputListener.h">
      <Filter>Header Files</Filter>
    </ClInclude>
    <ClInclude Include="C:\dev\GitHub\ogre\Components\Bites\include\OgreInput.h">
      <Filter>Header Files</Filter>
    </ClInclude>
    <ClInclude Include="C:\dev\GitHub\ogre\Components\Bites\include\OgreSGTechniqueResolverListener.h">
      <Filter>Header Files</Filter>
    </ClInclude>
    <ClInclude Include="C:\dev\GitHub\ogre\Components\Bites\include\OgreStaticPluginLoader.h">
      <Filter>Header Files</Filter>
    </ClInclude>
    <ClInclude Include="C:\dev\GitHub\ogre\Components\Bites\include\OgreTrays.h">
      <Filter>Header Files</Filter>
    </ClInclude>
    <ClInclude Include="C:\dev\GitHub\ogre\Components\Bites\include\OgreWindowEventUtilities.h">
      <Filter>Header Files</Filter>
    </ClInclude>
    <ClInclude Include="C:\dev\GitHub\ogre\Components\Bites\src\resource.h">
      <Filter>Resources</Filter>
    </ClInclude>
  </ItemGroup>
  <ItemGroup>
    <None Include="C:\dev\GitHub\ogre\Components\Bites\include\OgreBites.i" />
  </ItemGroup>
  <ItemGroup>
    <ResourceCompile Include="C:\dev\GitHub\ogre\Components\Bites\misc\OgreWin32Resources.rc">
      <Filter>Resources</Filter>
    </ResourceCompile>
  </ItemGroup>
  <ItemGroup>
    <Filter Include="Header Files">
      <UniqueIdentifier>{F29BE8F3-8D66-3BDF-A630-62339E790F95}</UniqueIdentifier>
    </Filter>
    <Filter Include="Resources">
      <UniqueIdentifier>{17F43267-2A9C-351D-A05C-2EA6CF9006C0}</UniqueIdentifier>
    </Filter>
    <Filter Include="Source Files">
      <UniqueIdentifier>{CB660BE3-A1A9-3064-9327-7C99B462F9EB}</UniqueIdentifier>
    </Filter>
    <Filter Include="Header Files\Config">
      <UniqueIdentifier>{d9cb8ce0-6176-44e4-90bc-38e7d482d184}</UniqueIdentifier>
    </Filter>
  </ItemGroup>
</Project>